// !$*UTF8*$!
{
	archiveVersion = 1;
	classes = {
	};
	objectVersion = 46;
	objects = {

/* Begin PBXBuildFile section */
		3E4ED9331810238000B4EA7F /* Foundation.framework in Frameworks */ = {isa = PBXBuildFile; fileRef = 3E4ED9321810238000B4EA7F /* Foundation.framework */; };
		3E4ED9351810238000B4EA7F /* CoreGraphics.framework in Frameworks */ = {isa = PBXBuildFile; fileRef = 3E4ED9341810238000B4EA7F /* CoreGraphics.framework */; };
		3E4ED93D1810238000B4EA7F /* InfoPlist.strings in Resources */ = {isa = PBXBuildFile; fileRef = 3E4ED93B1810238000B4EA7F /* InfoPlist.strings */; };
		3E4ED93F1810238000B4EA7F /* main.m in Sources */ = {isa = PBXBuildFile; fileRef = 3E4ED93E1810238000B4EA7F /* main.m */; };
		3E4ED94C1810238100B4EA7F /* XCTest.framework in Frameworks */ = {isa = PBXBuildFile; fileRef = 3E4ED94B1810238100B4EA7F /* XCTest.framework */; };
		3E4ED94D1810238100B4EA7F /* Foundation.framework in Frameworks */ = {isa = PBXBuildFile; fileRef = 3E4ED9321810238000B4EA7F /* Foundation.framework */; };
		3E4ED94E1810238100B4EA7F /* UIKit.framework in Frameworks */ = {isa = PBXBuildFile; fileRef = 3E4ED9361810238000B4EA7F /* UIKit.framework */; };
		3E4ED9561810238100B4EA7F /* InfoPlist.strings in Resources */ = {isa = PBXBuildFile; fileRef = 3E4ED9541810238100B4EA7F /* InfoPlist.strings */; };
		3E4ED9581810238100B4EA7F /* TangoTests.m in Sources */ = {isa = PBXBuildFile; fileRef = 3E4ED9571810238100B4EA7F /* TangoTests.m */; };
		3E4ED9901810240400B4EA7F /* data2.sqlite in Resources */ = {isa = PBXBuildFile; fileRef = 3E4ED9611810240400B4EA7F /* data2.sqlite */; };
		3E4ED9911810240400B4EA7F /* HLOptionButton.m in Sources */ = {isa = PBXBuildFile; fileRef = 3E4ED9631810240400B4EA7F /* HLOptionButton.m */; };
		3E4ED9921810240400B4EA7F /* HLOptionContent.m in Sources */ = {isa = PBXBuildFile; fileRef = 3E4ED9651810240400B4EA7F /* HLOptionContent.m */; };
		3E4ED9931810240400B4EA7F /* HLWords.m in Sources */ = {isa = PBXBuildFile; fileRef = 3E4ED9671810240400B4EA7F /* HLWords.m */; };
		3E4ED9941810240400B4EA7F /* myStoryboard.storyboard in Resources */ = {isa = PBXBuildFile; fileRef = 3E4ED9681810240400B4EA7F /* myStoryboard.storyboard */; };
		3E4ED99C1810240400B4EA7F /* SHUAboutusViewController.m in Sources */ = {isa = PBXBuildFile; fileRef = 3E4ED9791810240400B4EA7F /* SHUAboutusViewController.m */; };
		3E4ED99D1810240400B4EA7F /* SHUAppDelegate.m in Sources */ = {isa = PBXBuildFile; fileRef = 3E4ED97B1810240400B4EA7F /* SHUAppDelegate.m */; };
		3E4ED99F1810240400B4EA7F /* SHUCorrectViewController.m in Sources */ = {isa = PBXBuildFile; fileRef = 3E4ED97F1810240400B4EA7F /* SHUCorrectViewController.m */; };
		3E4ED9A01810240400B4EA7F /* SHUNoteViewController.m in Sources */ = {isa = PBXBuildFile; fileRef = 3E4ED9811810240400B4EA7F /* SHUNoteViewController.m */; };
		3E4ED9A21810240400B4EA7F /* SHUSettingViewController.m in Sources */ = {isa = PBXBuildFile; fileRef = 3E4ED9851810240400B4EA7F /* SHUSettingViewController.m */; };
		3E4ED9A31810240400B4EA7F /* SHUVistaViewController.m in Sources */ = {isa = PBXBuildFile; fileRef = 3E4ED9871810240400B4EA7F /* SHUVistaViewController.m */; };
		3E4ED9A41810240400B4EA7F /* SHUWelcomeViewController.m in Sources */ = {isa = PBXBuildFile; fileRef = 3E4ED9891810240400B4EA7F /* SHUWelcomeViewController.m */; };
		3E4ED9A51810240400B4EA7F /* SHUWordMenuViewController.m in Sources */ = {isa = PBXBuildFile; fileRef = 3E4ED98B1810240400B4EA7F /* SHUWordMenuViewController.m */; };
		3E4ED9A91810243100B4EA7F /* libsqlite3.dylib in Frameworks */ = {isa = PBXBuildFile; fileRef = 3E4ED9A81810243100B4EA7F /* libsqlite3.dylib */; };
		3E4F3DFF181945590062E63B /* high-volume-vector副本2.png in Resources */ = {isa = PBXBuildFile; fileRef = 3E4F3DFE181945590062E63B /* high-volume-vector副本2.png */; };
		3E62E35D183D129700C3AA9D /* 1.png in Resources */ = {isa = PBXBuildFile; fileRef = 3E62E35A183D129700C3AA9D /* 1.png */; };
		3E62E35E183D129700C3AA9D /* 2.png in Resources */ = {isa = PBXBuildFile; fileRef = 3E62E35B183D129700C3AA9D /* 2.png */; };
		3E62E35F183D129700C3AA9D /* 蓝色光影.jpg in Resources */ = {isa = PBXBuildFile; fileRef = 3E62E35C183D129700C3AA9D /* 蓝色光影.jpg */; };
		3E62E37B183D259000C3AA9D /* MRBlurView.m in Sources */ = {isa = PBXBuildFile; fileRef = 3E62E366183D259000C3AA9D /* MRBlurView.m */; };
		3E62E37C183D259000C3AA9D /* UIImage+MRImageEffects.m in Sources */ = {isa = PBXBuildFile; fileRef = 3E62E368183D259000C3AA9D /* UIImage+MRImageEffects.m */; };
		3E62E37D183D259000C3AA9D /* MRActivityIndicatorView.m in Sources */ = {isa = PBXBuildFile; fileRef = 3E62E36B183D259000C3AA9D /* MRActivityIndicatorView.m */; };
		3E62E37E183D259000C3AA9D /* MRCircularProgressView.m in Sources */ = {isa = PBXBuildFile; fileRef = 3E62E36D183D259000C3AA9D /* MRCircularProgressView.m */; };
		3E62E37F183D259000C3AA9D /* MRIconView.m in Sources */ = {isa = PBXBuildFile; fileRef = 3E62E36F183D259000C3AA9D /* MRIconView.m */; };
		3E62E380183D259000C3AA9D /* MRNavigationBarProgressView.m in Sources */ = {isa = PBXBuildFile; fileRef = 3E62E371183D259000C3AA9D /* MRNavigationBarProgressView.m */; };
		3E62E381183D259000C3AA9D /* MRProgressOverlayView.m in Sources */ = {isa = PBXBuildFile; fileRef = 3E62E373183D259000C3AA9D /* MRProgressOverlayView.m */; };
		3E62E382183D259000C3AA9D /* MRMessageInterceptor.m in Sources */ = {isa = PBXBuildFile; fileRef = 3E62E377183D259000C3AA9D /* MRMessageInterceptor.m */; };
		3E62E383183D259000C3AA9D /* MRWeakProxy.m in Sources */ = {isa = PBXBuildFile; fileRef = 3E62E37A183D259000C3AA9D /* MRWeakProxy.m */; };
		3E6AD23C181912570075015F /* CXAlertBackgroundWindow.m in Sources */ = {isa = PBXBuildFile; fileRef = 3E6AD22E181912570075015F /* CXAlertBackgroundWindow.m */; };
		3E6AD23D181912570075015F /* CXAlertButtonContainerView.m in Sources */ = {isa = PBXBuildFile; fileRef = 3E6AD230181912570075015F /* CXAlertButtonContainerView.m */; };
		3E6AD23E181912570075015F /* CXAlertButtonItem.m in Sources */ = {isa = PBXBuildFile; fileRef = 3E6AD232181912570075015F /* CXAlertButtonItem.m */; };
		3E6AD23F181912570075015F /* CXAlertView.m in Sources */ = {isa = PBXBuildFile; fileRef = 3E6AD234181912570075015F /* CXAlertView.m */; };
		3E6AD240181912570075015F /* CXAlertViewController.m in Sources */ = {isa = PBXBuildFile; fileRef = 3E6AD236181912570075015F /* CXAlertViewController.m */; };
		3E6AD241181912570075015F /* LFDisplayBridge.m in Sources */ = {isa = PBXBuildFile; fileRef = 3E6AD238181912570075015F /* LFDisplayBridge.m */; };
		3E6AD242181912570075015F /* LFGlassView.m in Sources */ = {isa = PBXBuildFile; fileRef = 3E6AD23A181912570075015F /* LFGlassView.m */; };
		3E8E7F1A18127955000D8FEC /* PICircularProgressView.m in Sources */ = {isa = PBXBuildFile; fileRef = 3E8E7F1918127955000D8FEC /* PICircularProgressView.m */; };
		3E94129A1812EDD1009BD058 /* Images.xcassets in Resources */ = {isa = PBXBuildFile; fileRef = 3E9412991812EDD1009BD058 /* Images.xcassets */; };
		3E94129E1812F491009BD058 /* AVFoundation.framework in Frameworks */ = {isa = PBXBuildFile; fileRef = 3E94129D1812F491009BD058 /* AVFoundation.framework */; };
		3EAE5AF0182F625D00AC4960 /* HLRootViewController.m in Sources */ = {isa = PBXBuildFile; fileRef = 3EAE5AEF182F625D00AC4960 /* HLRootViewController.m */; };
		3EAE5AF3182F62C900AC4960 /* HLMenuViewController.m in Sources */ = {isa = PBXBuildFile; fileRef = 3EAE5AF2182F62C900AC4960 /* HLMenuViewController.m */; };
		3EAE5AF5182F74FF00AC4960 /* Images2.xcassets in Resources */ = {isa = PBXBuildFile; fileRef = 3EAE5AF4182F74FF00AC4960 /* Images2.xcassets */; };
		3EAE5AFF182F7A5600AC4960 /* RECommonFunctions.m in Sources */ = {isa = PBXBuildFile; fileRef = 3EAE5AFA182F7A5600AC4960 /* RECommonFunctions.m */; };
		3EAE5B00182F7A5600AC4960 /* RESideMenu.m in Sources */ = {isa = PBXBuildFile; fileRef = 3EAE5AFC182F7A5600AC4960 /* RESideMenu.m */; };
		3EAE5B01182F7A5600AC4960 /* UIViewController+RESideMenu.m in Sources */ = {isa = PBXBuildFile; fileRef = 3EAE5AFE182F7A5600AC4960 /* UIViewController+RESideMenu.m */; };
		3EC6A033181A6C800058841C /* iphone.png in Resources */ = {isa = PBXBuildFile; fileRef = 3EC6A032181A6C800058841C /* iphone.png */; };
		3EDE17AB183140A3000E4339 /* UIKit.framework in Frameworks */ = {isa = PBXBuildFile; fileRef = 3E4ED9361810238000B4EA7F /* UIKit.framework */; };
		3EF11495181A20FC00BDC230 /* myStoryboard_2.storyboard in Resources */ = {isa = PBXBuildFile; fileRef = 3EF11494181A20FC00BDC230 /* myStoryboard_2.storyboard */; };
		3EF7CABA183E2828001F05E8 /* 图标4 3.png in Resources */ = {isa = PBXBuildFile; fileRef = 3EF7CAB4183E2828001F05E8 /* 图标4 3.png */; };
		3EF7CABE183E3B73001F05E8 /* date.png in Resources */ = {isa = PBXBuildFile; fileRef = 3EF7CABD183E3B73001F05E8 /* date.png */; };
		3EF7CAC3183E3DB5001F05E8 /* book.png in Resources */ = {isa = PBXBuildFile; fileRef = 3EF7CABF183E3DB5001F05E8 /* book.png */; };
		3EF7CAC4183E3DB5001F05E8 /* countdown.png in Resources */ = {isa = PBXBuildFile; fileRef = 3EF7CAC0183E3DB5001F05E8 /* countdown.png */; };
		3EF7CAC5183E3DB5001F05E8 /* iCloud.png in Resources */ = {isa = PBXBuildFile; fileRef = 3EF7CAC1183E3DB5001F05E8 /* iCloud.png */; };
		3EF7CAC6183E3DB5001F05E8 /* reset.png in Resources */ = {isa = PBXBuildFile; fileRef = 3EF7CAC2183E3DB5001F05E8 /* reset.png */; };
		A22D50A0181434B80021E7B5 /* 8969912_092626493627_2副本7 4.tif in Resources */ = {isa = PBXBuildFile; fileRef = A22D5089181434B80021E7B5 /* 8969912_092626493627_2副本7 4.tif */; };
		A22D50A1181434B80021E7B5 /* 8969912_092626493627_2副本7.tif in Resources */ = {isa = PBXBuildFile; fileRef = A22D508A181434B80021E7B5 /* 8969912_092626493627_2副本7.tif */; };
		A22D50A2181434B80021E7B5 /* high-volume-vector.png in Resources */ = {isa = PBXBuildFile; fileRef = A22D508B181434B80021E7B5 /* high-volume-vector.png */; };
		A22D50A3181434B80021E7B5 /* 按钮 2.png in Resources */ = {isa = PBXBuildFile; fileRef = A22D508C181434B80021E7B5 /* 按钮 2.png */; };
		A22D50A4181434B80021E7B5 /* 按钮 3.png in Resources */ = {isa = PBXBuildFile; fileRef = A22D508D181434B80021E7B5 /* 按钮 3.png */; };
		A22D50A5181434B80021E7B5 /* 按钮2 2.png in Resources */ = {isa = PBXBuildFile; fileRef = A22D508E181434B80021E7B5 /* 按钮2 2.png */; };
		A22D50A6181434B80021E7B5 /* 按钮2.png in Resources */ = {isa = PBXBuildFile; fileRef = A22D508F181434B80021E7B5 /* 按钮2.png */; };
		A22D50A7181434B80021E7B5 /* 背景.png in Resources */ = {isa = PBXBuildFile; fileRef = A22D5090181434B80021E7B5 /* 背景.png */; };
		A22D50A8181434B80021E7B5 /* 背景1.png in Resources */ = {isa = PBXBuildFile; fileRef = A22D5091181434B80021E7B5 /* 背景1.png */; };
		A22D50A9181434B80021E7B5 /* 背景2.png in Resources */ = {isa = PBXBuildFile; fileRef = A22D5092181434B80021E7B5 /* 背景2.png */; };
		A22D50AA181434B80021E7B5 /* 不會.png in Resources */ = {isa = PBXBuildFile; fileRef = A22D5093181434B80021E7B5 /* 不會.png */; };
		A22D50AB181434B80021E7B5 /* 不會1.png in Resources */ = {isa = PBXBuildFile; fileRef = A22D5094181434B80021E7B5 /* 不會1.png */; };
		A22D50AD181434B80021E7B5 /* 太弱.png in Resources */ = {isa = PBXBuildFile; fileRef = A22D5096181434B80021E7B5 /* 太弱.png */; };
		A22D50AE181434B80021E7B5 /* 太弱1.png in Resources */ = {isa = PBXBuildFile; fileRef = A22D5097181434B80021E7B5 /* 太弱1.png */; };
		A22D50AF181434B80021E7B5 /* 图标 2.png in Resources */ = {isa = PBXBuildFile; fileRef = A22D5098181434B80021E7B5 /* 图标 2.png */; };
		A22D50B0181434B80021E7B5 /* 图标.png in Resources */ = {isa = PBXBuildFile; fileRef = A22D5099181434B80021E7B5 /* 图标.png */; };
		A22D50B1181434B80021E7B5 /* 图标1.png in Resources */ = {isa = PBXBuildFile; fileRef = A22D509A181434B80021E7B5 /* 图标1.png */; };
		A22D50B2181434B80021E7B5 /* 图标2.png in Resources */ = {isa = PBXBuildFile; fileRef = A22D509B181434B80021E7B5 /* 图标2.png */; };
		A22D50B3181434B80021E7B5 /* 图标3.png in Resources */ = {isa = PBXBuildFile; fileRef = A22D509C181434B80021E7B5 /* 图标3.png */; };
		A22D50B4181434B80021E7B5 /* 图标4 2.png in Resources */ = {isa = PBXBuildFile; fileRef = A22D509D181434B80021E7B5 /* 图标4 2.png */; };
		A22D50B5181434B80021E7B5 /* 图标4 3.png in Resources */ = {isa = PBXBuildFile; fileRef = A22D509E181434B80021E7B5 /* 图标4 3.png */; };
		A22D50B6181434B80021E7B5 /* 图标4.png in Resources */ = {isa = PBXBuildFile; fileRef = A22D509F181434B80021E7B5 /* 图标4.png */; };
		A22D50B8181448650021E7B5 /* bgPic.png in Resources */ = {isa = PBXBuildFile; fileRef = A22D50B7181448650021E7B5 /* bgPic.png */; };
		A22D50BA18144E9E0021E7B5 /* Welcome.png in Resources */ = {isa = PBXBuildFile; fileRef = A22D50B918144E9E0021E7B5 /* Welcome.png */; };
		A22D50BC181450060021E7B5 /* bgPic2.png in Resources */ = {isa = PBXBuildFile; fileRef = A22D50BB181450060021E7B5 /* bgPic2.png */; };
		A23AC5F4181A4C8D007A7A15 /* 未标题-8.png in Resources */ = {isa = PBXBuildFile; fileRef = A23AC5EC181A4C8D007A7A15 /* 未标题-8.png */; };
		A23AC5F5181A4C8D007A7A15 /* 未标题-4.png in Resources */ = {isa = PBXBuildFile; fileRef = A23AC5ED181A4C8D007A7A15 /* 未标题-4.png */; };
		A23AC5F6181A4C8D007A7A15 /* 未标题-7.png in Resources */ = {isa = PBXBuildFile; fileRef = A23AC5EE181A4C8D007A7A15 /* 未标题-7.png */; };
		A23AC5F7181A4C8D007A7A15 /* 未标题-6.png in Resources */ = {isa = PBXBuildFile; fileRef = A23AC5EF181A4C8D007A7A15 /* 未标题-6.png */; };
		A23AC5F8181A4C8D007A7A15 /* 未标题-5.png in Resources */ = {isa = PBXBuildFile; fileRef = A23AC5F0181A4C8D007A7A15 /* 未标题-5.png */; };
		A23AC5F9181A4C8D007A7A15 /* 未标题-3.png in Resources */ = {isa = PBXBuildFile; fileRef = A23AC5F1181A4C8D007A7A15 /* 未标题-3.png */; };
		A23AC5FA181A4C8D007A7A15 /* button1.png in Resources */ = {isa = PBXBuildFile; fileRef = A23AC5F2181A4C8D007A7A15 /* button1.png */; };
		A23AC5FB181A4C8D007A7A15 /* Slect-2.png in Resources */ = {isa = PBXBuildFile; fileRef = A23AC5F3181A4C8D007A7A15 /* Slect-2.png */; };
		A241DEC11813E53000E798DA /* SHUCloudDocument.m in Sources */ = {isa = PBXBuildFile; fileRef = A241DEC01813E53000E798DA /* SHUCloudDocument.m */; };
		A241DEC31813F44300E798DA /* Tango.entitlements in Resources */ = {isa = PBXBuildFile; fileRef = A241DEC21813F44300E798DA /* Tango.entitlements */; };
		A26CE20C1818049400EF68A8 /* SHUListeningViewController.m in Sources */ = {isa = PBXBuildFile; fileRef = A26CE20B1818049400EF68A8 /* SHUListeningViewController.m */; };
/* End PBXBuildFile section */

/* Begin PBXContainerItemProxy section */
		3E4ED94F1810238100B4EA7F /* PBXContainerItemProxy */ = {
			isa = PBXContainerItemProxy;
			containerPortal = 3E4ED9271810238000B4EA7F /* Project object */;
			proxyType = 1;
			remoteGlobalIDString = 3E4ED92E1810238000B4EA7F;
			remoteInfo = Tango;
		};
/* End PBXContainerItemProxy section */

/* Begin PBXFileReference section */
		3E4ED92F1810238000B4EA7F /* Tango.app */ = {isa = PBXFileReference; explicitFileType = wrapper.application; includeInIndex = 0; path = Tango.app; sourceTree = BUILT_PRODUCTS_DIR; };
		3E4ED9321810238000B4EA7F /* Foundation.framework */ = {isa = PBXFileReference; lastKnownFileType = wrapper.framework; name = Foundation.framework; path = System/Library/Frameworks/Foundation.framework; sourceTree = SDKROOT; };
		3E4ED9341810238000B4EA7F /* CoreGraphics.framework */ = {isa = PBXFileReference; lastKnownFileType = wrapper.framework; name = CoreGraphics.framework; path = System/Library/Frameworks/CoreGraphics.framework; sourceTree = SDKROOT; };
		3E4ED9361810238000B4EA7F /* UIKit.framework */ = {isa = PBXFileReference; lastKnownFileType = wrapper.framework; name = UIKit.framework; path = System/Library/Frameworks/UIKit.framework; sourceTree = SDKROOT; };
		3E4ED93A1810238000B4EA7F /* Tango-Info.plist */ = {isa = PBXFileReference; lastKnownFileType = text.plist.xml; path = "Tango-Info.plist"; sourceTree = "<group>"; };
		3E4ED93C1810238000B4EA7F /* en */ = {isa = PBXFileReference; lastKnownFileType = text.plist.strings; name = en; path = en.lproj/InfoPlist.strings; sourceTree = "<group>"; };
		3E4ED93E1810238000B4EA7F /* main.m */ = {isa = PBXFileReference; lastKnownFileType = sourcecode.c.objc; path = main.m; sourceTree = "<group>"; };
		3E4ED9401810238000B4EA7F /* Tango-Prefix.pch */ = {isa = PBXFileReference; lastKnownFileType = sourcecode.c.h; path = "Tango-Prefix.pch"; sourceTree = "<group>"; };
		3E4ED94A1810238100B4EA7F /* TangoTests.xctest */ = {isa = PBXFileReference; explicitFileType = wrapper.cfbundle; includeInIndex = 0; path = TangoTests.xctest; sourceTree = BUILT_PRODUCTS_DIR; };
		3E4ED94B1810238100B4EA7F /* XCTest.framework */ = {isa = PBXFileReference; lastKnownFileType = wrapper.framework; name = XCTest.framework; path = Library/Frameworks/XCTest.framework; sourceTree = DEVELOPER_DIR; };
		3E4ED9531810238100B4EA7F /* TangoTests-Info.plist */ = {isa = PBXFileReference; lastKnownFileType = text.plist.xml; path = "TangoTests-Info.plist"; sourceTree = "<group>"; };
		3E4ED9551810238100B4EA7F /* en */ = {isa = PBXFileReference; lastKnownFileType = text.plist.strings; name = en; path = en.lproj/InfoPlist.strings; sourceTree = "<group>"; };
		3E4ED9571810238100B4EA7F /* TangoTests.m */ = {isa = PBXFileReference; lastKnownFileType = sourcecode.c.objc; path = TangoTests.m; sourceTree = "<group>"; };
		3E4ED9611810240400B4EA7F /* data2.sqlite */ = {isa = PBXFileReference; lastKnownFileType = file; name = data2.sqlite; path = Tango/data2.sqlite; sourceTree = "<group>"; };
		3E4ED9621810240400B4EA7F /* HLOptionButton.h */ = {isa = PBXFileReference; fileEncoding = 4; lastKnownFileType = sourcecode.c.h; name = HLOptionButton.h; path = Tango/HLOptionButton.h; sourceTree = "<group>"; };
		3E4ED9631810240400B4EA7F /* HLOptionButton.m */ = {isa = PBXFileReference; fileEncoding = 4; lastKnownFileType = sourcecode.c.objc; name = HLOptionButton.m; path = Tango/HLOptionButton.m; sourceTree = "<group>"; };
		3E4ED9641810240400B4EA7F /* HLOptionContent.h */ = {isa = PBXFileReference; fileEncoding = 4; lastKnownFileType = sourcecode.c.h; name = HLOptionContent.h; path = Tango/HLOptionContent.h; sourceTree = "<group>"; };
		3E4ED9651810240400B4EA7F /* HLOptionContent.m */ = {isa = PBXFileReference; fileEncoding = 4; lastKnownFileType = sourcecode.c.objc; name = HLOptionContent.m; path = Tango/HLOptionContent.m; sourceTree = "<group>"; };
		3E4ED9661810240400B4EA7F /* HLWords.h */ = {isa = PBXFileReference; fileEncoding = 4; lastKnownFileType = sourcecode.c.h; name = HLWords.h; path = Tango/HLWords.h; sourceTree = "<group>"; };
		3E4ED9671810240400B4EA7F /* HLWords.m */ = {isa = PBXFileReference; fileEncoding = 4; lastKnownFileType = sourcecode.c.objc; name = HLWords.m; path = Tango/HLWords.m; sourceTree = "<group>"; };
		3E4ED9681810240400B4EA7F /* myStoryboard.storyboard */ = {isa = PBXFileReference; fileEncoding = 4; lastKnownFileType = file.storyboard; name = myStoryboard.storyboard; path = Tango/myStoryboard.storyboard; sourceTree = "<group>"; };
		3E4ED9781810240400B4EA7F /* SHUAboutusViewController.h */ = {isa = PBXFileReference; fileEncoding = 4; lastKnownFileType = sourcecode.c.h; name = SHUAboutusViewController.h; path = Tango/SHUAboutusViewController.h; sourceTree = "<group>"; };
		3E4ED9791810240400B4EA7F /* SHUAboutusViewController.m */ = {isa = PBXFileReference; fileEncoding = 4; lastKnownFileType = sourcecode.c.objc; name = SHUAboutusViewController.m; path = Tango/SHUAboutusViewController.m; sourceTree = "<group>"; };
		3E4ED97A1810240400B4EA7F /* SHUAppDelegate.h */ = {isa = PBXFileReference; fileEncoding = 4; lastKnownFileType = sourcecode.c.h; name = SHUAppDelegate.h; path = Tango/SHUAppDelegate.h; sourceTree = "<group>"; };
		3E4ED97B1810240400B4EA7F /* SHUAppDelegate.m */ = {isa = PBXFileReference; fileEncoding = 4; lastKnownFileType = sourcecode.c.objc; name = SHUAppDelegate.m; path = Tango/SHUAppDelegate.m; sourceTree = "<group>"; };
		3E4ED97E1810240400B4EA7F /* SHUCorrectViewController.h */ = {isa = PBXFileReference; fileEncoding = 4; lastKnownFileType = sourcecode.c.h; name = SHUCorrectViewController.h; path = Tango/SHUCorrectViewController.h; sourceTree = "<group>"; };
		3E4ED97F1810240400B4EA7F /* SHUCorrectViewController.m */ = {isa = PBXFileReference; fileEncoding = 4; lastKnownFileType = sourcecode.c.objc; name = SHUCorrectViewController.m; path = Tango/SHUCorrectViewController.m; sourceTree = "<group>"; };
		3E4ED9801810240400B4EA7F /* SHUNoteViewController.h */ = {isa = PBXFileReference; fileEncoding = 4; lastKnownFileType = sourcecode.c.h; name = SHUNoteViewController.h; path = Tango/SHUNoteViewController.h; sourceTree = "<group>"; };
		3E4ED9811810240400B4EA7F /* SHUNoteViewController.m */ = {isa = PBXFileReference; fileEncoding = 4; lastKnownFileType = sourcecode.c.objc; name = SHUNoteViewController.m; path = Tango/SHUNoteViewController.m; sourceTree = "<group>"; };
		3E4ED9841810240400B4EA7F /* SHUSettingViewController.h */ = {isa = PBXFileReference; fileEncoding = 4; lastKnownFileType = sourcecode.c.h; name = SHUSettingViewController.h; path = Tango/SHUSettingViewController.h; sourceTree = "<group>"; };
		3E4ED9851810240400B4EA7F /* SHUSettingViewController.m */ = {isa = PBXFileReference; fileEncoding = 4; lastKnownFileType = sourcecode.c.objc; name = SHUSettingViewController.m; path = Tango/SHUSettingViewController.m; sourceTree = "<group>"; };
		3E4ED9861810240400B4EA7F /* SHUVistaViewController.h */ = {isa = PBXFileReference; fileEncoding = 4; lastKnownFileType = sourcecode.c.h; name = SHUVistaViewController.h; path = Tango/SHUVistaViewController.h; sourceTree = "<group>"; };
		3E4ED9871810240400B4EA7F /* SHUVistaViewController.m */ = {isa = PBXFileReference; fileEncoding = 4; lastKnownFileType = sourcecode.c.objc; name = SHUVistaViewController.m; path = Tango/SHUVistaViewController.m; sourceTree = "<group>"; };
		3E4ED9881810240400B4EA7F /* SHUWelcomeViewController.h */ = {isa = PBXFileReference; fileEncoding = 4; lastKnownFileType = sourcecode.c.h; name = SHUWelcomeViewController.h; path = Tango/SHUWelcomeViewController.h; sourceTree = "<group>"; };
		3E4ED9891810240400B4EA7F /* SHUWelcomeViewController.m */ = {isa = PBXFileReference; fileEncoding = 4; lastKnownFileType = sourcecode.c.objc; name = SHUWelcomeViewController.m; path = Tango/SHUWelcomeViewController.m; sourceTree = "<group>"; };
		3E4ED98A1810240400B4EA7F /* SHUWordMenuViewController.h */ = {isa = PBXFileReference; fileEncoding = 4; lastKnownFileType = sourcecode.c.h; name = SHUWordMenuViewController.h; path = Tango/SHUWordMenuViewController.h; sourceTree = "<group>"; };
		3E4ED98B1810240400B4EA7F /* SHUWordMenuViewController.m */ = {isa = PBXFileReference; fileEncoding = 4; lastKnownFileType = sourcecode.c.objc; name = SHUWordMenuViewController.m; path = Tango/SHUWordMenuViewController.m; sourceTree = "<group>"; };
		3E4ED9A81810243100B4EA7F /* libsqlite3.dylib */ = {isa = PBXFileReference; lastKnownFileType = "compiled.mach-o.dylib"; name = libsqlite3.dylib; path = usr/lib/libsqlite3.dylib; sourceTree = SDKROOT; };
		3E4F3DFE181945590062E63B /* high-volume-vector副本2.png */ = {isa = PBXFileReference; lastKnownFileType = image.png; path = "high-volume-vector副本2.png"; sourceTree = "<group>"; };
		3E62E35A183D129700C3AA9D /* 1.png */ = {isa = PBXFileReference; lastKnownFileType = image.png; path = 1.png; sourceTree = "<group>"; };
		3E62E35B183D129700C3AA9D /* 2.png */ = {isa = PBXFileReference; lastKnownFileType = image.png; path = 2.png; sourceTree = "<group>"; };
		3E62E35C183D129700C3AA9D /* 蓝色光影.jpg */ = {isa = PBXFileReference; lastKnownFileType = image.jpeg; path = "蓝色光影.jpg"; sourceTree = "<group>"; };
		3E62E365183D259000C3AA9D /* MRBlurView.h */ = {isa = PBXFileReference; fileEncoding = 4; lastKnownFileType = sourcecode.c.h; path = MRBlurView.h; sourceTree = "<group>"; };
		3E62E366183D259000C3AA9D /* MRBlurView.m */ = {isa = PBXFileReference; fileEncoding = 4; lastKnownFileType = sourcecode.c.objc; path = MRBlurView.m; sourceTree = "<group>"; };
		3E62E367183D259000C3AA9D /* UIImage+MRImageEffects.h */ = {isa = PBXFileReference; fileEncoding = 4; lastKnownFileType = sourcecode.c.h; path = "UIImage+MRImageEffects.h"; sourceTree = "<group>"; };
		3E62E368183D259000C3AA9D /* UIImage+MRImageEffects.m */ = {isa = PBXFileReference; fileEncoding = 4; lastKnownFileType = sourcecode.c.objc; path = "UIImage+MRImageEffects.m"; sourceTree = "<group>"; };
		3E62E36A183D259000C3AA9D /* MRActivityIndicatorView.h */ = {isa = PBXFileReference; fileEncoding = 4; lastKnownFileType = sourcecode.c.h; path = MRActivityIndicatorView.h; sourceTree = "<group>"; };
		3E62E36B183D259000C3AA9D /* MRActivityIndicatorView.m */ = {isa = PBXFileReference; fileEncoding = 4; lastKnownFileType = sourcecode.c.objc; path = MRActivityIndicatorView.m; sourceTree = "<group>"; };
		3E62E36C183D259000C3AA9D /* MRCircularProgressView.h */ = {isa = PBXFileReference; fileEncoding = 4; lastKnownFileType = sourcecode.c.h; path = MRCircularProgressView.h; sourceTree = "<group>"; };
		3E62E36D183D259000C3AA9D /* MRCircularProgressView.m */ = {isa = PBXFileReference; fileEncoding = 4; lastKnownFileType = sourcecode.c.objc; path = MRCircularProgressView.m; sourceTree = "<group>"; };
		3E62E36E183D259000C3AA9D /* MRIconView.h */ = {isa = PBXFileReference; fileEncoding = 4; lastKnownFileType = sourcecode.c.h; path = MRIconView.h; sourceTree = "<group>"; };
		3E62E36F183D259000C3AA9D /* MRIconView.m */ = {isa = PBXFileReference; fileEncoding = 4; lastKnownFileType = sourcecode.c.objc; path = MRIconView.m; sourceTree = "<group>"; };
		3E62E370183D259000C3AA9D /* MRNavigationBarProgressView.h */ = {isa = PBXFileReference; fileEncoding = 4; lastKnownFileType = sourcecode.c.h; path = MRNavigationBarProgressView.h; sourceTree = "<group>"; };
		3E62E371183D259000C3AA9D /* MRNavigationBarProgressView.m */ = {isa = PBXFileReference; fileEncoding = 4; lastKnownFileType = sourcecode.c.objc; path = MRNavigationBarProgressView.m; sourceTree = "<group>"; };
		3E62E372183D259000C3AA9D /* MRProgressOverlayView.h */ = {isa = PBXFileReference; fileEncoding = 4; lastKnownFileType = sourcecode.c.h; path = MRProgressOverlayView.h; sourceTree = "<group>"; };
		3E62E373183D259000C3AA9D /* MRProgressOverlayView.m */ = {isa = PBXFileReference; fileEncoding = 4; lastKnownFileType = sourcecode.c.objc; path = MRProgressOverlayView.m; sourceTree = "<group>"; };
		3E62E374183D259000C3AA9D /* MRProgress.h */ = {isa = PBXFileReference; fileEncoding = 4; lastKnownFileType = sourcecode.c.h; path = MRProgress.h; sourceTree = "<group>"; };
		3E62E376183D259000C3AA9D /* MRMessageInterceptor.h */ = {isa = PBXFileReference; fileEncoding = 4; lastKnownFileType = sourcecode.c.h; path = MRMessageInterceptor.h; sourceTree = "<group>"; };
		3E62E377183D259000C3AA9D /* MRMessageInterceptor.m */ = {isa = PBXFileReference; fileEncoding = 4; lastKnownFileType = sourcecode.c.objc; path = MRMessageInterceptor.m; sourceTree = "<group>"; };
		3E62E378183D259000C3AA9D /* MRProgressHelper.h */ = {isa = PBXFileReference; fileEncoding = 4; lastKnownFileType = sourcecode.c.h; path = MRProgressHelper.h; sourceTree = "<group>"; };
		3E62E379183D259000C3AA9D /* MRWeakProxy.h */ = {isa = PBXFileReference; fileEncoding = 4; lastKnownFileType = sourcecode.c.h; path = MRWeakProxy.h; sourceTree = "<group>"; };
		3E62E37A183D259000C3AA9D /* MRWeakProxy.m */ = {isa = PBXFileReference; fileEncoding = 4; lastKnownFileType = sourcecode.c.objc; path = MRWeakProxy.m; sourceTree = "<group>"; };
		3E6AD22D181912570075015F /* CXAlertBackgroundWindow.h */ = {isa = PBXFileReference; fileEncoding = 4; lastKnownFileType = sourcecode.c.h; path = CXAlertBackgroundWindow.h; sourceTree = "<group>"; };
		3E6AD22E181912570075015F /* CXAlertBackgroundWindow.m */ = {isa = PBXFileReference; fileEncoding = 4; lastKnownFileType = sourcecode.c.objc; path = CXAlertBackgroundWindow.m; sourceTree = "<group>"; };
		3E6AD22F181912570075015F /* CXAlertButtonContainerView.h */ = {isa = PBXFileReference; fileEncoding = 4; lastKnownFileType = sourcecode.c.h; path = CXAlertButtonContainerView.h; sourceTree = "<group>"; };
		3E6AD230181912570075015F /* CXAlertButtonContainerView.m */ = {isa = PBXFileReference; fileEncoding = 4; lastKnownFileType = sourcecode.c.objc; path = CXAlertButtonContainerView.m; sourceTree = "<group>"; };
		3E6AD231181912570075015F /* CXAlertButtonItem.h */ = {isa = PBXFileReference; fileEncoding = 4; lastKnownFileType = sourcecode.c.h; path = CXAlertButtonItem.h; sourceTree = "<group>"; };
		3E6AD232181912570075015F /* CXAlertButtonItem.m */ = {isa = PBXFileReference; fileEncoding = 4; lastKnownFileType = sourcecode.c.objc; path = CXAlertButtonItem.m; sourceTree = "<group>"; };
		3E6AD233181912570075015F /* CXAlertView.h */ = {isa = PBXFileReference; fileEncoding = 4; lastKnownFileType = sourcecode.c.h; path = CXAlertView.h; sourceTree = "<group>"; };
		3E6AD234181912570075015F /* CXAlertView.m */ = {isa = PBXFileReference; fileEncoding = 4; lastKnownFileType = sourcecode.c.objc; path = CXAlertView.m; sourceTree = "<group>"; };
		3E6AD235181912570075015F /* CXAlertViewController.h */ = {isa = PBXFileReference; fileEncoding = 4; lastKnownFileType = sourcecode.c.h; path = CXAlertViewController.h; sourceTree = "<group>"; };
		3E6AD236181912570075015F /* CXAlertViewController.m */ = {isa = PBXFileReference; fileEncoding = 4; lastKnownFileType = sourcecode.c.objc; path = CXAlertViewController.m; sourceTree = "<group>"; };
		3E6AD237181912570075015F /* LFDisplayBridge.h */ = {isa = PBXFileReference; fileEncoding = 4; lastKnownFileType = sourcecode.c.h; path = LFDisplayBridge.h; sourceTree = "<group>"; };
		3E6AD238181912570075015F /* LFDisplayBridge.m */ = {isa = PBXFileReference; fileEncoding = 4; lastKnownFileType = sourcecode.c.objc; path = LFDisplayBridge.m; sourceTree = "<group>"; };
		3E6AD239181912570075015F /* LFGlassView.h */ = {isa = PBXFileReference; fileEncoding = 4; lastKnownFileType = sourcecode.c.h; path = LFGlassView.h; sourceTree = "<group>"; };
		3E6AD23A181912570075015F /* LFGlassView.m */ = {isa = PBXFileReference; fileEncoding = 4; lastKnownFileType = sourcecode.c.objc; path = LFGlassView.m; sourceTree = "<group>"; };
		3E6AD23B181912570075015F /* LiveFrost.h */ = {isa = PBXFileReference; fileEncoding = 4; lastKnownFileType = sourcecode.c.h; path = LiveFrost.h; sourceTree = "<group>"; };
		3E8E7F1818127955000D8FEC /* PICircularProgressView.h */ = {isa = PBXFileReference; fileEncoding = 4; lastKnownFileType = sourcecode.c.h; path = PICircularProgressView.h; sourceTree = "<group>"; };
		3E8E7F1918127955000D8FEC /* PICircularProgressView.m */ = {isa = PBXFileReference; fileEncoding = 4; lastKnownFileType = sourcecode.c.objc; path = PICircularProgressView.m; sourceTree = "<group>"; };
		3E9412991812EDD1009BD058 /* Images.xcassets */ = {isa = PBXFileReference; lastKnownFileType = folder.assetcatalog; path = Images.xcassets; sourceTree = "<group>"; };
		3E94129D1812F491009BD058 /* AVFoundation.framework */ = {isa = PBXFileReference; lastKnownFileType = wrapper.framework; name = AVFoundation.framework; path = System/Library/Frameworks/AVFoundation.framework; sourceTree = SDKROOT; };
		3EAE5AEE182F625D00AC4960 /* HLRootViewController.h */ = {isa = PBXFileReference; fileEncoding = 4; lastKnownFileType = sourcecode.c.h; path = HLRootViewController.h; sourceTree = "<group>"; };
		3EAE5AEF182F625D00AC4960 /* HLRootViewController.m */ = {isa = PBXFileReference; fileEncoding = 4; lastKnownFileType = sourcecode.c.objc; path = HLRootViewController.m; sourceTree = "<group>"; };
		3EAE5AF1182F62C900AC4960 /* HLMenuViewController.h */ = {isa = PBXFileReference; fileEncoding = 4; lastKnownFileType = sourcecode.c.h; path = HLMenuViewController.h; sourceTree = "<group>"; };
		3EAE5AF2182F62C900AC4960 /* HLMenuViewController.m */ = {isa = PBXFileReference; fileEncoding = 4; lastKnownFileType = sourcecode.c.objc; path = HLMenuViewController.m; sourceTree = "<group>"; };
		3EAE5AF4182F74FF00AC4960 /* Images2.xcassets */ = {isa = PBXFileReference; lastKnownFileType = folder.assetcatalog; path = Images2.xcassets; sourceTree = "<group>"; };
		3EAE5AF9182F7A5600AC4960 /* RECommonFunctions.h */ = {isa = PBXFileReference; fileEncoding = 4; lastKnownFileType = sourcecode.c.h; path = RECommonFunctions.h; sourceTree = "<group>"; };
		3EAE5AFA182F7A5600AC4960 /* RECommonFunctions.m */ = {isa = PBXFileReference; fileEncoding = 4; lastKnownFileType = sourcecode.c.objc; path = RECommonFunctions.m; sourceTree = "<group>"; };
		3EAE5AFB182F7A5600AC4960 /* RESideMenu.h */ = {isa = PBXFileReference; fileEncoding = 4; lastKnownFileType = sourcecode.c.h; path = RESideMenu.h; sourceTree = "<group>"; };
		3EAE5AFC182F7A5600AC4960 /* RESideMenu.m */ = {isa = PBXFileReference; fileEncoding = 4; lastKnownFileType = sourcecode.c.objc; path = RESideMenu.m; sourceTree = "<group>"; };
		3EAE5AFD182F7A5600AC4960 /* UIViewController+RESideMenu.h */ = {isa = PBXFileReference; fileEncoding = 4; lastKnownFileType = sourcecode.c.h; path = "UIViewController+RESideMenu.h"; sourceTree = "<group>"; };
		3EAE5AFE182F7A5600AC4960 /* UIViewController+RESideMenu.m */ = {isa = PBXFileReference; fileEncoding = 4; lastKnownFileType = sourcecode.c.objc; path = "UIViewController+RESideMenu.m"; sourceTree = "<group>"; };
		3EC6A032181A6C800058841C /* iphone.png */ = {isa = PBXFileReference; lastKnownFileType = image.png; path = iphone.png; sourceTree = "<group>"; };
		3EF11494181A20FC00BDC230 /* myStoryboard_2.storyboard */ = {isa = PBXFileReference; fileEncoding = 4; lastKnownFileType = file.storyboard; path = myStoryboard_2.storyboard; sourceTree = "<group>"; };
		3EF7CAB4183E2828001F05E8 /* 图标4 3.png */ = {isa = PBXFileReference; lastKnownFileType = image.png; path = "图标4 3.png"; sourceTree = "<group>"; };
		3EF7CABD183E3B73001F05E8 /* date.png */ = {isa = PBXFileReference; lastKnownFileType = image.png; path = date.png; sourceTree = "<group>"; };
		3EF7CABF183E3DB5001F05E8 /* book.png */ = {isa = PBXFileReference; lastKnownFileType = image.png; path = book.png; sourceTree = "<group>"; };
		3EF7CAC0183E3DB5001F05E8 /* countdown.png */ = {isa = PBXFileReference; lastKnownFileType = image.png; path = countdown.png; sourceTree = "<group>"; };
		3EF7CAC1183E3DB5001F05E8 /* iCloud.png */ = {isa = PBXFileReference; lastKnownFileType = image.png; path = iCloud.png; sourceTree = "<group>"; };
		3EF7CAC2183E3DB5001F05E8 /* reset.png */ = {isa = PBXFileReference; lastKnownFileType = image.png; path = reset.png; sourceTree = "<group>"; };
		A22D5089181434B80021E7B5 /* 8969912_092626493627_2副本7 4.tif */ = {isa = PBXFileReference; lastKnownFileType = image.tiff; path = "8969912_092626493627_2副本7 4.tif"; sourceTree = "<group>"; };
		A22D508A181434B80021E7B5 /* 8969912_092626493627_2副本7.tif */ = {isa = PBXFileReference; lastKnownFileType = image.tiff; path = "8969912_092626493627_2副本7.tif"; sourceTree = "<group>"; };
		A22D508B181434B80021E7B5 /* high-volume-vector.png */ = {isa = PBXFileReference; lastKnownFileType = image.png; path = "high-volume-vector.png"; sourceTree = "<group>"; };
		A22D508C181434B80021E7B5 /* 按钮 2.png */ = {isa = PBXFileReference; lastKnownFileType = image.png; path = "按钮 2.png"; sourceTree = "<group>"; };
		A22D508D181434B80021E7B5 /* 按钮 3.png */ = {isa = PBXFileReference; lastKnownFileType = image.png; path = "按钮 3.png"; sourceTree = "<group>"; };
		A22D508E181434B80021E7B5 /* 按钮2 2.png */ = {isa = PBXFileReference; lastKnownFileType = image.png; path = "按钮2 2.png"; sourceTree = "<group>"; };
		A22D508F181434B80021E7B5 /* 按钮2.png */ = {isa = PBXFileReference; lastKnownFileType = image.png; path = "按钮2.png"; sourceTree = "<group>"; };
		A22D5090181434B80021E7B5 /* 背景.png */ = {isa = PBXFileReference; lastKnownFileType = image.png; path = "背景.png"; sourceTree = "<group>"; };
		A22D5091181434B80021E7B5 /* 背景1.png */ = {isa = PBXFileReference; lastKnownFileType = image.png; path = "背景1.png"; sourceTree = "<group>"; };
		A22D5092181434B80021E7B5 /* 背景2.png */ = {isa = PBXFileReference; lastKnownFileType = image.png; path = "背景2.png"; sourceTree = "<group>"; };
		A22D5093181434B80021E7B5 /* 不會.png */ = {isa = PBXFileReference; lastKnownFileType = image.png; path = "不會.png"; sourceTree = "<group>"; };
		A22D5094181434B80021E7B5 /* 不會1.png */ = {isa = PBXFileReference; lastKnownFileType = image.png; path = "不會1.png"; sourceTree = "<group>"; };
		A22D5096181434B80021E7B5 /* 太弱.png */ = {isa = PBXFileReference; lastKnownFileType = image.png; path = "太弱.png"; sourceTree = "<group>"; };
		A22D5097181434B80021E7B5 /* 太弱1.png */ = {isa = PBXFileReference; lastKnownFileType = image.png; path = "太弱1.png"; sourceTree = "<group>"; };
		A22D5098181434B80021E7B5 /* 图标 2.png */ = {isa = PBXFileReference; lastKnownFileType = image.png; path = "图标 2.png"; sourceTree = "<group>"; };
		A22D5099181434B80021E7B5 /* 图标.png */ = {isa = PBXFileReference; lastKnownFileType = image.png; path = "图标.png"; sourceTree = "<group>"; };
		A22D509A181434B80021E7B5 /* 图标1.png */ = {isa = PBXFileReference; lastKnownFileType = image.png; path = "图标1.png"; sourceTree = "<group>"; };
		A22D509B181434B80021E7B5 /* 图标2.png */ = {isa = PBXFileReference; lastKnownFileType = image.png; path = "图标2.png"; sourceTree = "<group>"; };
		A22D509C181434B80021E7B5 /* 图标3.png */ = {isa = PBXFileReference; lastKnownFileType = image.png; path = "图标3.png"; sourceTree = "<group>"; };
		A22D509D181434B80021E7B5 /* 图标4 2.png */ = {isa = PBXFileReference; lastKnownFileType = image.png; path = "图标4 2.png"; sourceTree = "<group>"; };
		A22D509E181434B80021E7B5 /* 图标4 3.png */ = {isa = PBXFileReference; lastKnownFileType = image.png; path = "图标4 3.png"; sourceTree = "<group>"; };
		A22D509F181434B80021E7B5 /* 图标4.png */ = {isa = PBXFileReference; lastKnownFileType = image.png; path = "图标4.png"; sourceTree = "<group>"; };
		A22D50B7181448650021E7B5 /* bgPic.png */ = {isa = PBXFileReference; lastKnownFileType = image.png; path = bgPic.png; sourceTree = "<group>"; };
		A22D50B918144E9E0021E7B5 /* Welcome.png */ = {isa = PBXFileReference; lastKnownFileType = image.png; path = Welcome.png; sourceTree = "<group>"; };
		A22D50BB181450060021E7B5 /* bgPic2.png */ = {isa = PBXFileReference; lastKnownFileType = image.png; path = bgPic2.png; sourceTree = "<group>"; };
		A23AC5EC181A4C8D007A7A15 /* 未标题-8.png */ = {isa = PBXFileReference; lastKnownFileType = image.png; path = "未标题-8.png"; sourceTree = "<group>"; };
		A23AC5ED181A4C8D007A7A15 /* 未标题-4.png */ = {isa = PBXFileReference; lastKnownFileType = image.png; path = "未标题-4.png"; sourceTree = "<group>"; };
		A23AC5EE181A4C8D007A7A15 /* 未标题-7.png */ = {isa = PBXFileReference; lastKnownFileType = image.png; path = "未标题-7.png"; sourceTree = "<group>"; };
		A23AC5EF181A4C8D007A7A15 /* 未标题-6.png */ = {isa = PBXFileReference; lastKnownFileType = image.png; path = "未标题-6.png"; sourceTree = "<group>"; };
		A23AC5F0181A4C8D007A7A15 /* 未标题-5.png */ = {isa = PBXFileReference; lastKnownFileType = image.png; path = "未标题-5.png"; sourceTree = "<group>"; };
		A23AC5F1181A4C8D007A7A15 /* 未标题-3.png */ = {isa = PBXFileReference; lastKnownFileType = image.png; path = "未标题-3.png"; sourceTree = "<group>"; };
		A23AC5F2181A4C8D007A7A15 /* button1.png */ = {isa = PBXFileReference; lastKnownFileType = image.png; path = button1.png; sourceTree = "<group>"; };
		A23AC5F3181A4C8D007A7A15 /* Slect-2.png */ = {isa = PBXFileReference; lastKnownFileType = image.png; path = "Slect-2.png"; sourceTree = "<group>"; };
		A241DEBF1813E53000E798DA /* SHUCloudDocument.h */ = {isa = PBXFileReference; fileEncoding = 4; lastKnownFileType = sourcecode.c.h; name = SHUCloudDocument.h; path = Tango/SHUCloudDocument.h; sourceTree = "<group>"; };
		A241DEC01813E53000E798DA /* SHUCloudDocument.m */ = {isa = PBXFileReference; fileEncoding = 4; lastKnownFileType = sourcecode.c.objc; name = SHUCloudDocument.m; path = Tango/SHUCloudDocument.m; sourceTree = "<group>"; };
		A241DEC21813F44300E798DA /* Tango.entitlements */ = {isa = PBXFileReference; fileEncoding = 4; lastKnownFileType = text.xml; path = Tango.entitlements; sourceTree = "<group>"; };
		A26CE20A1818049400EF68A8 /* SHUListeningViewController.h */ = {isa = PBXFileReference; fileEncoding = 4; lastKnownFileType = sourcecode.c.h; path = SHUListeningViewController.h; sourceTree = "<group>"; };
		A26CE20B1818049400EF68A8 /* SHUListeningViewController.m */ = {isa = PBXFileReference; fileEncoding = 4; lastKnownFileType = sourcecode.c.objc; path = SHUListeningViewController.m; sourceTree = "<group>"; };
/* End PBXFileReference section */

/* Begin PBXFrameworksBuildPhase section */
		3E4ED92C1810238000B4EA7F /* Frameworks */ = {
			isa = PBXFrameworksBuildPhase;
			buildActionMask = 2147483647;
			files = (
				3EDE17AB183140A3000E4339 /* UIKit.framework in Frameworks */,
				3E94129E1812F491009BD058 /* AVFoundation.framework in Frameworks */,
				3E4ED9A91810243100B4EA7F /* libsqlite3.dylib in Frameworks */,
				3E4ED9351810238000B4EA7F /* CoreGraphics.framework in Frameworks */,
				3E4ED9331810238000B4EA7F /* Foundation.framework in Frameworks */,
			);
			runOnlyForDeploymentPostprocessing = 0;
		};
		3E4ED9471810238100B4EA7F /* Frameworks */ = {
			isa = PBXFrameworksBuildPhase;
			buildActionMask = 2147483647;
			files = (
				3E4ED94C1810238100B4EA7F /* XCTest.framework in Frameworks */,
				3E4ED94E1810238100B4EA7F /* UIKit.framework in Frameworks */,
				3E4ED94D1810238100B4EA7F /* Foundation.framework in Frameworks */,
			);
			runOnlyForDeploymentPostprocessing = 0;
		};
/* End PBXFrameworksBuildPhase section */

/* Begin PBXGroup section */
		3E4ED9261810238000B4EA7F = {
			isa = PBXGroup;
			children = (
				3E4ED9AA181024BB00B4EA7F /* Tango */,
				3E4ED9511810238100B4EA7F /* TangoTests */,
				3E4ED9311810238000B4EA7F /* Frameworks */,
				3E4ED9301810238000B4EA7F /* Products */,
			);
			sourceTree = "<group>";
		};
		3E4ED9301810238000B4EA7F /* Products */ = {
			isa = PBXGroup;
			children = (
				3E4ED92F1810238000B4EA7F /* Tango.app */,
				3E4ED94A1810238100B4EA7F /* TangoTests.xctest */,
			);
			name = Products;
			sourceTree = "<group>";
		};
		3E4ED9311810238000B4EA7F /* Frameworks */ = {
			isa = PBXGroup;
			children = (
				A241DEBA1813E14700E798DA /* OpenSource */,
				3E94129D1812F491009BD058 /* AVFoundation.framework */,
				3E4ED9321810238000B4EA7F /* Foundation.framework */,
				3E4ED9341810238000B4EA7F /* CoreGraphics.framework */,
				3E4ED9361810238000B4EA7F /* UIKit.framework */,
				3E4ED94B1810238100B4EA7F /* XCTest.framework */,
				3E4ED9A81810243100B4EA7F /* libsqlite3.dylib */,
			);
			name = Frameworks;
			sourceTree = "<group>";
		};
		3E4ED9381810238000B4EA7F /* Resources */ = {
			isa = PBXGroup;
			children = (
				3EAE5AF4182F74FF00AC4960 /* Images2.xcassets */,
				A22D5088181434AC0021E7B5 /* Pic */,
				3E9412991812EDD1009BD058 /* Images.xcassets */,
				3E4ED9391810238000B4EA7F /* Supporting Files */,
			);
			name = Resources;
			path = Tango;
			sourceTree = "<group>";
		};
		3E4ED9391810238000B4EA7F /* Supporting Files */ = {
			isa = PBXGroup;
			children = (
				3E4ED93A1810238000B4EA7F /* Tango-Info.plist */,
				3E4ED93B1810238000B4EA7F /* InfoPlist.strings */,
				3E4ED93E1810238000B4EA7F /* main.m */,
				3E4ED9401810238000B4EA7F /* Tango-Prefix.pch */,
			);
			name = "Supporting Files";
			sourceTree = "<group>";
		};
		3E4ED9511810238100B4EA7F /* TangoTests */ = {
			isa = PBXGroup;
			children = (
				3E4ED9571810238100B4EA7F /* TangoTests.m */,
				3E4ED9521810238100B4EA7F /* Supporting Files */,
			);
			path = TangoTests;
			sourceTree = "<group>";
		};
		3E4ED9521810238100B4EA7F /* Supporting Files */ = {
			isa = PBXGroup;
			children = (
				3E4ED9531810238100B4EA7F /* TangoTests-Info.plist */,
				3E4ED9541810238100B4EA7F /* InfoPlist.strings */,
			);
			name = "Supporting Files";
			sourceTree = "<group>";
		};
		3E4ED9AA181024BB00B4EA7F /* Tango */ = {
			isa = PBXGroup;
			children = (
				3E4ED9AB181024DD00B4EA7F /* Presentation Layer */,
				3E4ED9AE1810250200B4EA7F /* Infrastructure Layer */,
				3E4ED9AC181024EB00B4EA7F /* Business Layer */,
				3E4ED9AD181024F300B4EA7F /* Persistence Layer */,
				3E4ED9381810238000B4EA7F /* Resources */,
			);
			name = Tango;
			sourceTree = "<group>";
		};
		3E4ED9AB181024DD00B4EA7F /* Presentation Layer */ = {
			isa = PBXGroup;
			children = (
				3EF11494181A20FC00BDC230 /* myStoryboard_2.storyboard */,
				3E4ED9681810240400B4EA7F /* myStoryboard.storyboard */,
			);
			name = "Presentation Layer";
			sourceTree = "<group>";
		};
		3E4ED9AC181024EB00B4EA7F /* Business Layer */ = {
			isa = PBXGroup;
			children = (
				3E4ED9B01810253A00B4EA7F /* Vista */,
				3E4ED9B11810254A00B4EA7F /* WordsNote & Listening */,
				3E4ED9B31810256700B4EA7F /* AboutUs */,
				3E4ED9B21810255A00B4EA7F /* Setting */,
			);
			name = "Business Layer";
			sourceTree = "<group>";
		};
		3E4ED9AD181024F300B4EA7F /* Persistence Layer */ = {
			isa = PBXGroup;
			children = (
				A241DEBB1813E45500E798DA /* NoteDocument */,
				3E4ED9B6181025F400B4EA7F /* WordDataModel */,
			);
			name = "Persistence Layer";
			sourceTree = "<group>";
		};
		3E4ED9AE1810250200B4EA7F /* Infrastructure Layer */ = {
			isa = PBXGroup;
			children = (
				3E4ED9BA1810267D00B4EA7F /* Button Overwrite */,
				3E4ED9B91810266000B4EA7F /* CoreFundation */,
				3E4ED9B71810261700B4EA7F /* RootViewControllers */,
			);
			name = "Infrastructure Layer";
			sourceTree = "<group>";
		};
		3E4ED9B01810253A00B4EA7F /* Vista */ = {
			isa = PBXGroup;
			children = (
				3E4ED97E1810240400B4EA7F /* SHUCorrectViewController.h */,
				3E4ED97F1810240400B4EA7F /* SHUCorrectViewController.m */,
				3E4ED9861810240400B4EA7F /* SHUVistaViewController.h */,
				3E4ED9871810240400B4EA7F /* SHUVistaViewController.m */,
				3E4ED9881810240400B4EA7F /* SHUWelcomeViewController.h */,
				3E4ED9891810240400B4EA7F /* SHUWelcomeViewController.m */,
			);
			name = Vista;
			sourceTree = "<group>";
		};
		3E4ED9B11810254A00B4EA7F /* WordsNote & Listening */ = {
			isa = PBXGroup;
			children = (
				3E4ED9801810240400B4EA7F /* SHUNoteViewController.h */,
				3E4ED9811810240400B4EA7F /* SHUNoteViewController.m */,
				A26CE20A1818049400EF68A8 /* SHUListeningViewController.h */,
				A26CE20B1818049400EF68A8 /* SHUListeningViewController.m */,
			);
			name = "WordsNote & Listening";
			sourceTree = "<group>";
		};
		3E4ED9B21810255A00B4EA7F /* Setting */ = {
			isa = PBXGroup;
			children = (
				3E4ED9B4181025AF00B4EA7F /* WordsList */,
				3E4ED9841810240400B4EA7F /* SHUSettingViewController.h */,
				3E4ED9851810240400B4EA7F /* SHUSettingViewController.m */,
			);
			name = Setting;
			sourceTree = "<group>";
		};
		3E4ED9B31810256700B4EA7F /* AboutUs */ = {
			isa = PBXGroup;
			children = (
				3E4ED9781810240400B4EA7F /* SHUAboutusViewController.h */,
				3E4ED9791810240400B4EA7F /* SHUAboutusViewController.m */,
			);
			name = AboutUs;
			sourceTree = "<group>";
		};
		3E4ED9B4181025AF00B4EA7F /* WordsList */ = {
			isa = PBXGroup;
			children = (
				3E4ED98A1810240400B4EA7F /* SHUWordMenuViewController.h */,
				3E4ED98B1810240400B4EA7F /* SHUWordMenuViewController.m */,
			);
			name = WordsList;
			sourceTree = "<group>";
		};
		3E4ED9B6181025F400B4EA7F /* WordDataModel */ = {
			isa = PBXGroup;
			children = (
				3E4ED9611810240400B4EA7F /* data2.sqlite */,
				3E4ED9641810240400B4EA7F /* HLOptionContent.h */,
				3E4ED9651810240400B4EA7F /* HLOptionContent.m */,
				3E4ED9661810240400B4EA7F /* HLWords.h */,
				3E4ED9671810240400B4EA7F /* HLWords.m */,
			);
			name = WordDataModel;
			sourceTree = "<group>";
		};
		3E4ED9B71810261700B4EA7F /* RootViewControllers */ = {
			isa = PBXGroup;
			children = (
				3EAE5AEE182F625D00AC4960 /* HLRootViewController.h */,
				3EAE5AEF182F625D00AC4960 /* HLRootViewController.m */,
				3EAE5AF1182F62C900AC4960 /* HLMenuViewController.h */,
				3EAE5AF2182F62C900AC4960 /* HLMenuViewController.m */,
			);
			name = RootViewControllers;
			sourceTree = "<group>";
		};
		3E4ED9B91810266000B4EA7F /* CoreFundation */ = {
			isa = PBXGroup;
			children = (
				3E4ED97A1810240400B4EA7F /* SHUAppDelegate.h */,
				3E4ED97B1810240400B4EA7F /* SHUAppDelegate.m */,
			);
			name = CoreFundation;
			sourceTree = "<group>";
		};
		3E4ED9BA1810267D00B4EA7F /* Button Overwrite */ = {
			isa = PBXGroup;
			children = (
				3E4ED9621810240400B4EA7F /* HLOptionButton.h */,
				3E4ED9631810240400B4EA7F /* HLOptionButton.m */,
			);
			name = "Button Overwrite";
			sourceTree = "<group>";
		};
		3E62E359183D129700C3AA9D /* PIC */ = {
			isa = PBXGroup;
			children = (
				3EF7CABF183E3DB5001F05E8 /* book.png */,
				3EF7CAC0183E3DB5001F05E8 /* countdown.png */,
				3EF7CAC1183E3DB5001F05E8 /* iCloud.png */,
				3EF7CAC2183E3DB5001F05E8 /* reset.png */,
				3EF7CABD183E3B73001F05E8 /* date.png */,
				3EF7CAB4183E2828001F05E8 /* 图标4 3.png */,
				3E62E35A183D129700C3AA9D /* 1.png */,
				3E62E35B183D129700C3AA9D /* 2.png */,
				3E62E35C183D129700C3AA9D /* 蓝色光影.jpg */,
			);
			path = PIC;
			sourceTree = "<group>";
		};
		3E62E363183D259000C3AA9D /* MRProgress */ = {
			isa = PBXGroup;
			children = (
				3E62E364183D259000C3AA9D /* Blur */,
				3E62E369183D259000C3AA9D /* Components */,
				3E62E374183D259000C3AA9D /* MRProgress.h */,
				3E62E375183D259000C3AA9D /* Utils */,
			);
			name = MRProgress;
			path = src;
			sourceTree = "<group>";
		};
		3E62E364183D259000C3AA9D /* Blur */ = {
			isa = PBXGroup;
			children = (
				3E62E365183D259000C3AA9D /* MRBlurView.h */,
				3E62E366183D259000C3AA9D /* MRBlurView.m */,
				3E62E367183D259000C3AA9D /* UIImage+MRImageEffects.h */,
				3E62E368183D259000C3AA9D /* UIImage+MRImageEffects.m */,
			);
			path = Blur;
			sourceTree = "<group>";
		};
		3E62E369183D259000C3AA9D /* Components */ = {
			isa = PBXGroup;
			children = (
				3E62E36A183D259000C3AA9D /* MRActivityIndicatorView.h */,
				3E62E36B183D259000C3AA9D /* MRActivityIndicatorView.m */,
				3E62E36C183D259000C3AA9D /* MRCircularProgressView.h */,
				3E62E36D183D259000C3AA9D /* MRCircularProgressView.m */,
				3E62E36E183D259000C3AA9D /* MRIconView.h */,
				3E62E36F183D259000C3AA9D /* MRIconView.m */,
				3E62E370183D259000C3AA9D /* MRNavigationBarProgressView.h */,
				3E62E371183D259000C3AA9D /* MRNavigationBarProgressView.m */,
				3E62E372183D259000C3AA9D /* MRProgressOverlayView.h */,
				3E62E373183D259000C3AA9D /* MRProgressOverlayView.m */,
			);
			path = Components;
			sourceTree = "<group>";
		};
		3E62E375183D259000C3AA9D /* Utils */ = {
			isa = PBXGroup;
			children = (
				3E62E376183D259000C3AA9D /* MRMessageInterceptor.h */,
				3E62E377183D259000C3AA9D /* MRMessageInterceptor.m */,
				3E62E378183D259000C3AA9D /* MRProgressHelper.h */,
				3E62E379183D259000C3AA9D /* MRWeakProxy.h */,
				3E62E37A183D259000C3AA9D /* MRWeakProxy.m */,
			);
			path = Utils;
			sourceTree = "<group>";
		};
		3E6AD22C181912570075015F /* CXAlertView */ = {
			isa = PBXGroup;
			children = (
				3E6AD22D181912570075015F /* CXAlertBackgroundWindow.h */,
				3E6AD22E181912570075015F /* CXAlertBackgroundWindow.m */,
				3E6AD22F181912570075015F /* CXAlertButtonContainerView.h */,
				3E6AD230181912570075015F /* CXAlertButtonContainerView.m */,
				3E6AD231181912570075015F /* CXAlertButtonItem.h */,
				3E6AD232181912570075015F /* CXAlertButtonItem.m */,
				3E6AD233181912570075015F /* CXAlertView.h */,
				3E6AD234181912570075015F /* CXAlertView.m */,
				3E6AD235181912570075015F /* CXAlertViewController.h */,
				3E6AD236181912570075015F /* CXAlertViewController.m */,
				3E6AD237181912570075015F /* LFDisplayBridge.h */,
				3E6AD238181912570075015F /* LFDisplayBridge.m */,
				3E6AD239181912570075015F /* LFGlassView.h */,
				3E6AD23A181912570075015F /* LFGlassView.m */,
				3E6AD23B181912570075015F /* LiveFrost.h */,
			);
			path = CXAlertView;
			sourceTree = "<group>";
		};
		3E8E7F1718127955000D8FEC /* PICircularProgressView */ = {
			isa = PBXGroup;
			children = (
				3E8E7F1818127955000D8FEC /* PICircularProgressView.h */,
				3E8E7F1918127955000D8FEC /* PICircularProgressView.m */,
			);
			path = PICircularProgressView;
			sourceTree = "<group>";
		};
		3EAE5AF8182F7A5600AC4960 /* RESideMenu */ = {
			isa = PBXGroup;
			children = (
				3EAE5AF9182F7A5600AC4960 /* RECommonFunctions.h */,
				3EAE5AFA182F7A5600AC4960 /* RECommonFunctions.m */,
				3EAE5AFB182F7A5600AC4960 /* RESideMenu.h */,
				3EAE5AFC182F7A5600AC4960 /* RESideMenu.m */,
				3EAE5AFD182F7A5600AC4960 /* UIViewController+RESideMenu.h */,
				3EAE5AFE182F7A5600AC4960 /* UIViewController+RESideMenu.m */,
			);
			path = RESideMenu;
			sourceTree = "<group>";
		};
		A22D5088181434AC0021E7B5 /* Pic */ = {
			isa = PBXGroup;
			children = (
				3E62E359183D129700C3AA9D /* PIC */,
				3EC6A032181A6C800058841C /* iphone.png */,
				A23AC5EC181A4C8D007A7A15 /* 未标题-8.png */,
				A23AC5ED181A4C8D007A7A15 /* 未标题-4.png */,
				A23AC5EE181A4C8D007A7A15 /* 未标题-7.png */,
				A23AC5EF181A4C8D007A7A15 /* 未标题-6.png */,
				A23AC5F0181A4C8D007A7A15 /* 未标题-5.png */,
				A23AC5F1181A4C8D007A7A15 /* 未标题-3.png */,
				A23AC5F2181A4C8D007A7A15 /* button1.png */,
				A23AC5F3181A4C8D007A7A15 /* Slect-2.png */,
				3E4F3DFE181945590062E63B /* high-volume-vector副本2.png */,
				A22D50B7181448650021E7B5 /* bgPic.png */,
				A22D50BB181450060021E7B5 /* bgPic2.png */,
				A22D50B918144E9E0021E7B5 /* Welcome.png */,
				A22D5089181434B80021E7B5 /* 8969912_092626493627_2副本7 4.tif */,
				A22D508A181434B80021E7B5 /* 8969912_092626493627_2副本7.tif */,
				A22D508B181434B80021E7B5 /* high-volume-vector.png */,
				A22D508C181434B80021E7B5 /* 按钮 2.png */,
				A22D508D181434B80021E7B5 /* 按钮 3.png */,
				A22D508E181434B80021E7B5 /* 按钮2 2.png */,
				A22D508F181434B80021E7B5 /* 按钮2.png */,
				A22D5090181434B80021E7B5 /* 背景.png */,
				A22D5091181434B80021E7B5 /* 背景1.png */,
				A22D5092181434B80021E7B5 /* 背景2.png */,
				A22D5093181434B80021E7B5 /* 不會.png */,
				A22D5094181434B80021E7B5 /* 不會1.png */,
				A22D5096181434B80021E7B5 /* 太弱.png */,
				A22D5097181434B80021E7B5 /* 太弱1.png */,
				A22D5098181434B80021E7B5 /* 图标 2.png */,
				A22D5099181434B80021E7B5 /* 图标.png */,
				A22D509A181434B80021E7B5 /* 图标1.png */,
				A22D509B181434B80021E7B5 /* 图标2.png */,
				A22D509C181434B80021E7B5 /* 图标3.png */,
				A22D509D181434B80021E7B5 /* 图标4 2.png */,
				A22D509E181434B80021E7B5 /* 图标4 3.png */,
				A22D509F181434B80021E7B5 /* 图标4.png */,
			);
			name = Pic;
			sourceTree = "<group>";
		};
		A241DEBA1813E14700E798DA /* OpenSource */ = {
			isa = PBXGroup;
			children = (
				3E62E363183D259000C3AA9D /* MRProgress */,
				3EAE5AF8182F7A5600AC4960 /* RESideMenu */,
				3E6AD22C181912570075015F /* CXAlertView */,
				3E8E7F1718127955000D8FEC /* PICircularProgressView */,
			);
			name = OpenSource;
			sourceTree = "<group>";
		};
		A241DEBB1813E45500E798DA /* NoteDocument */ = {
			isa = PBXGroup;
			children = (
				A241DEBF1813E53000E798DA /* SHUCloudDocument.h */,
				A241DEC01813E53000E798DA /* SHUCloudDocument.m */,
				A241DEC21813F44300E798DA /* Tango.entitlements */,
			);
			name = NoteDocument;
			sourceTree = "<group>";
		};
/* End PBXGroup section */

/* Begin PBXNativeTarget section */
		3E4ED92E1810238000B4EA7F /* Tango */ = {
			isa = PBXNativeTarget;
			buildConfigurationList = 3E4ED95B1810238100B4EA7F /* Build configuration list for PBXNativeTarget "Tango" */;
			buildPhases = (
				3E4ED92B1810238000B4EA7F /* Sources */,
				3E4ED92C1810238000B4EA7F /* Frameworks */,
				3E4ED92D1810238000B4EA7F /* Resources */,
			);
			buildRules = (
			);
			dependencies = (
			);
			name = Tango;
			productName = Tango;
			productReference = 3E4ED92F1810238000B4EA7F /* Tango.app */;
			productType = "com.apple.product-type.application";
		};
		3E4ED9491810238100B4EA7F /* TangoTests */ = {
			isa = PBXNativeTarget;
			buildConfigurationList = 3E4ED95E1810238100B4EA7F /* Build configuration list for PBXNativeTarget "TangoTests" */;
			buildPhases = (
				3E4ED9461810238100B4EA7F /* Sources */,
				3E4ED9471810238100B4EA7F /* Frameworks */,
				3E4ED9481810238100B4EA7F /* Resources */,
			);
			buildRules = (
			);
			dependencies = (
				3E4ED9501810238100B4EA7F /* PBXTargetDependency */,
			);
			name = TangoTests;
			productName = TangoTests;
			productReference = 3E4ED94A1810238100B4EA7F /* TangoTests.xctest */;
			productType = "com.apple.product-type.bundle.unit-test";
		};
/* End PBXNativeTarget section */

/* Begin PBXProject section */
		3E4ED9271810238000B4EA7F /* Project object */ = {
			isa = PBXProject;
			attributes = {
				LastUpgradeCheck = 0500;
				ORGANIZATIONNAME = Lin;
				TargetAttributes = {
					3E4ED92E1810238000B4EA7F = {
						DevelopmentTeam = QTZNKWLRFR;
						SystemCapabilities = {
							com.apple.iCloud = {
								enabled = 1;
							};
						};
					};
					3E4ED9491810238100B4EA7F = {
						TestTargetID = 3E4ED92E1810238000B4EA7F;
					};
				};
			};
			buildConfigurationList = 3E4ED92A1810238000B4EA7F /* Build configuration list for PBXProject "Tango" */;
			compatibilityVersion = "Xcode 3.2";
			developmentRegion = English;
			hasScannedForEncodings = 0;
			knownRegions = (
				en,
			);
			mainGroup = 3E4ED9261810238000B4EA7F;
			productRefGroup = 3E4ED9301810238000B4EA7F /* Products */;
			projectDirPath = "";
			projectRoot = "";
			targets = (
				3E4ED92E1810238000B4EA7F /* Tango */,
				3E4ED9491810238100B4EA7F /* TangoTests */,
			);
		};
/* End PBXProject section */

/* Begin PBXResourcesBuildPhase section */
		3E4ED92D1810238000B4EA7F /* Resources */ = {
			isa = PBXResourcesBuildPhase;
			buildActionMask = 2147483647;
			files = (
				A22D50A7181434B80021E7B5 /* 背景.png in Resources */,
				3EF7CAC4183E3DB5001F05E8 /* countdown.png in Resources */,
				A23AC5F8181A4C8D007A7A15 /* 未标题-5.png in Resources */,
				3EAE5AF5182F74FF00AC4960 /* Images2.xcassets in Resources */,
				A22D50A5181434B80021E7B5 /* 按钮2 2.png in Resources */,
				A23AC5FA181A4C8D007A7A15 /* button1.png in Resources */,
				3EC6A033181A6C800058841C /* iphone.png in Resources */,
				A22D50A0181434B80021E7B5 /* 8969912_092626493627_2副本7 4.tif in Resources */,
				A22D50BC181450060021E7B5 /* bgPic2.png in Resources */,
				A22D50A1181434B80021E7B5 /* 8969912_092626493627_2副本7.tif in Resources */,
				3EF7CABA183E2828001F05E8 /* 图标4 3.png in Resources */,
				A22D50A6181434B80021E7B5 /* 按钮2.png in Resources */,
				A241DEC31813F44300E798DA /* Tango.entitlements in Resources */,
				3EF11495181A20FC00BDC230 /* myStoryboard_2.storyboard in Resources */,
				3E94129A1812EDD1009BD058 /* Images.xcassets in Resources */,
				A23AC5F4181A4C8D007A7A15 /* 未标题-8.png in Resources */,
				A22D50AB181434B80021E7B5 /* 不會1.png in Resources */,
				A23AC5F7181A4C8D007A7A15 /* 未标题-6.png in Resources */,
				A22D50B2181434B80021E7B5 /* 图标2.png in Resources */,
				A23AC5FB181A4C8D007A7A15 /* Slect-2.png in Resources */,
				A22D50A3181434B80021E7B5 /* 按钮 2.png in Resources */,
				3E62E35D183D129700C3AA9D /* 1.png in Resources */,
				A22D50AE181434B80021E7B5 /* 太弱1.png in Resources */,
				A22D50BA18144E9E0021E7B5 /* Welcome.png in Resources */,
				3E62E35E183D129700C3AA9D /* 2.png in Resources */,
				A22D50B3181434B80021E7B5 /* 图标3.png in Resources */,
				A22D50AD181434B80021E7B5 /* 太弱.png in Resources */,
				A22D50B8181448650021E7B5 /* bgPic.png in Resources */,
				A22D50A8181434B80021E7B5 /* 背景1.png in Resources */,
				A22D50B4181434B80021E7B5 /* 图标4 2.png in Resources */,
				A22D50AA181434B80021E7B5 /* 不會.png in Resources */,
				A22D50B0181434B80021E7B5 /* 图标.png in Resources */,
				A22D50A4181434B80021E7B5 /* 按钮 3.png in Resources */,
				3EF7CAC5183E3DB5001F05E8 /* iCloud.png in Resources */,
				A22D50B6181434B80021E7B5 /* 图标4.png in Resources */,
				A23AC5F9181A4C8D007A7A15 /* 未标题-3.png in Resources */,
				3E4ED93D1810238000B4EA7F /* InfoPlist.strings in Resources */,
				3E4ED9941810240400B4EA7F /* myStoryboard.storyboard in Resources */,
				A22D50A9181434B80021E7B5 /* 背景2.png in Resources */,
				A22D50B1181434B80021E7B5 /* 图标1.png in Resources */,
				3EF7CAC6183E3DB5001F05E8 /* reset.png in Resources */,
				3EF7CAC3183E3DB5001F05E8 /* book.png in Resources */,
				3EF7CABE183E3B73001F05E8 /* date.png in Resources */,
				A23AC5F5181A4C8D007A7A15 /* 未标题-4.png in Resources */,
				A22D50A2181434B80021E7B5 /* high-volume-vector.png in Resources */,
				3E4ED9901810240400B4EA7F /* data2.sqlite in Resources */,
				A22D50AF181434B80021E7B5 /* 图标 2.png in Resources */,
				A23AC5F6181A4C8D007A7A15 /* 未标题-7.png in Resources */,
				3E4F3DFF181945590062E63B /* high-volume-vector副本2.png in Resources */,
				A22D50B5181434B80021E7B5 /* 图标4 3.png in Resources */,
				3E62E35F183D129700C3AA9D /* 蓝色光影.jpg in Resources */,
			);
			runOnlyForDeploymentPostprocessing = 0;
		};
		3E4ED9481810238100B4EA7F /* Resources */ = {
			isa = PBXResourcesBuildPhase;
			buildActionMask = 2147483647;
			files = (
				3E4ED9561810238100B4EA7F /* InfoPlist.strings in Resources */,
			);
			runOnlyForDeploymentPostprocessing = 0;
		};
/* End PBXResourcesBuildPhase section */

/* Begin PBXSourcesBuildPhase section */
		3E4ED92B1810238000B4EA7F /* Sources */ = {
			isa = PBXSourcesBuildPhase;
			buildActionMask = 2147483647;
			files = (
				3E62E37D183D259000C3AA9D /* MRActivityIndicatorView.m in Sources */,
				3E4ED9A51810240400B4EA7F /* SHUWordMenuViewController.m in Sources */,
				3E4ED9A21810240400B4EA7F /* SHUSettingViewController.m in Sources */,
				3E8E7F1A18127955000D8FEC /* PICircularProgressView.m in Sources */,
				3E4ED9A41810240400B4EA7F /* SHUWelcomeViewController.m in Sources */,
				3E4ED99F1810240400B4EA7F /* SHUCorrectViewController.m in Sources */,
				3E6AD241181912570075015F /* LFDisplayBridge.m in Sources */,
				3EAE5AFF182F7A5600AC4960 /* RECommonFunctions.m in Sources */,
				3E6AD23E181912570075015F /* CXAlertButtonItem.m in Sources */,
				3E62E37E183D259000C3AA9D /* MRCircularProgressView.m in Sources */,
				3E62E37F183D259000C3AA9D /* MRIconView.m in Sources */,
				3EAE5B01182F7A5600AC4960 /* UIViewController+RESideMenu.m in Sources */,
				3EAE5AF3182F62C900AC4960 /* HLMenuViewController.m in Sources */,
				3E4ED99C1810240400B4EA7F /* SHUAboutusViewController.m in Sources */,
				A26CE20C1818049400EF68A8 /* SHUListeningViewController.m in Sources */,
				3E4ED9A01810240400B4EA7F /* SHUNoteViewController.m in Sources */,
				3E62E380183D259000C3AA9D /* MRNavigationBarProgressView.m in Sources */,
				3E62E383183D259000C3AA9D /* MRWeakProxy.m in Sources */,
				3E6AD240181912570075015F /* CXAlertViewController.m in Sources */,
				3E6AD242181912570075015F /* LFGlassView.m in Sources */,
				3E6AD23F181912570075015F /* CXAlertView.m in Sources */,
				3E4ED99D1810240400B4EA7F /* SHUAppDelegate.m in Sources */,
				3E62E381183D259000C3AA9D /* MRProgressOverlayView.m in Sources */,
				A241DEC11813E53000E798DA /* SHUCloudDocument.m in Sources */,
				3E4ED9921810240400B4EA7F /* HLOptionContent.m in Sources */,
				3EAE5B00182F7A5600AC4960 /* RESideMenu.m in Sources */,
				3E4ED9911810240400B4EA7F /* HLOptionButton.m in Sources */,
				3E62E37C183D259000C3AA9D /* UIImage+MRImageEffects.m in Sources */,
				3E62E382183D259000C3AA9D /* MRMessageInterceptor.m in Sources */,
				3E6AD23D181912570075015F /* CXAlertButtonContainerView.m in Sources */,
				3E62E37B183D259000C3AA9D /* MRBlurView.m in Sources */,
				3E4ED93F1810238000B4EA7F /* main.m in Sources */,
				3E4ED9931810240400B4EA7F /* HLWords.m in Sources */,
				3E4ED9A31810240400B4EA7F /* SHUVistaViewController.m in Sources */,
				3E6AD23C181912570075015F /* CXAlertBackgroundWindow.m in Sources */,
				3EAE5AF0182F625D00AC4960 /* HLRootViewController.m in Sources */,
			);
			runOnlyForDeploymentPostprocessing = 0;
		};
		3E4ED9461810238100B4EA7F /* Sources */ = {
			isa = PBXSourcesBuildPhase;
			buildActionMask = 2147483647;
			files = (
				3E4ED9581810238100B4EA7F /* TangoTests.m in Sources */,
			);
			runOnlyForDeploymentPostprocessing = 0;
		};
/* End PBXSourcesBuildPhase section */

/* Begin PBXTargetDependency section */
		3E4ED9501810238100B4EA7F /* PBXTargetDependency */ = {
			isa = PBXTargetDependency;
			target = 3E4ED92E1810238000B4EA7F /* Tango */;
			targetProxy = 3E4ED94F1810238100B4EA7F /* PBXContainerItemProxy */;
		};
/* End PBXTargetDependency section */

/* Begin PBXVariantGroup section */
		3E4ED93B1810238000B4EA7F /* InfoPlist.strings */ = {
			isa = PBXVariantGroup;
			children = (
				3E4ED93C1810238000B4EA7F /* en */,
			);
			name = InfoPlist.strings;
			sourceTree = "<group>";
		};
		3E4ED9541810238100B4EA7F /* InfoPlist.strings */ = {
			isa = PBXVariantGroup;
			children = (
				3E4ED9551810238100B4EA7F /* en */,
			);
			name = InfoPlist.strings;
			sourceTree = "<group>";
		};
/* End PBXVariantGroup section */

/* Begin XCBuildConfiguration section */
		3E4ED9591810238100B4EA7F /* Debug */ = {
			isa = XCBuildConfiguration;
			buildSettings = {
				ALWAYS_SEARCH_USER_PATHS = NO;
				ARCHS = "$(ARCHS_STANDARD_INCLUDING_64_BIT)";
				CLANG_CXX_LANGUAGE_STANDARD = "gnu++0x";
				CLANG_CXX_LIBRARY = "libc++";
				CLANG_ENABLE_MODULES = YES;
				CLANG_ENABLE_OBJC_ARC = YES;
				CLANG_WARN_BOOL_CONVERSION = YES;
				CLANG_WARN_CONSTANT_CONVERSION = YES;
				CLANG_WARN_DIRECT_OBJC_ISA_USAGE = YES_ERROR;
				CLANG_WARN_EMPTY_BODY = YES;
				CLANG_WARN_ENUM_CONVERSION = YES;
				CLANG_WARN_INT_CONVERSION = YES;
				CLANG_WARN_OBJC_ROOT_CLASS = YES_ERROR;
				CLANG_WARN__DUPLICATE_METHOD_MATCH = YES;
				"CODE_SIGN_IDENTITY[sdk=iphoneos*]" = "iPhone Developer";
				COPY_PHASE_STRIP = NO;
				GCC_C_LANGUAGE_STANDARD = gnu99;
				GCC_DYNAMIC_NO_PIC = NO;
				GCC_OPTIMIZATION_LEVEL = 0;
				GCC_PREPROCESSOR_DEFINITIONS = (
					"DEBUG=1",
					"$(inherited)",
				);
				GCC_SYMBOLS_PRIVATE_EXTERN = NO;
				GCC_WARN_64_TO_32_BIT_CONVERSION = YES;
				GCC_WARN_ABOUT_RETURN_TYPE = YES_ERROR;
				GCC_WARN_UNDECLARED_SELECTOR = YES;
				GCC_WARN_UNINITIALIZED_AUTOS = YES;
				GCC_WARN_UNUSED_FUNCTION = YES;
				GCC_WARN_UNUSED_VARIABLE = YES;
				IPHONEOS_DEPLOYMENT_TARGET = 7.0;
				ONLY_ACTIVE_ARCH = YES;
				SDKROOT = iphoneos;
			};
			name = Debug;
		};
		3E4ED95A1810238100B4EA7F /* Release */ = {
			isa = XCBuildConfiguration;
			buildSettings = {
				ALWAYS_SEARCH_USER_PATHS = NO;
				ARCHS = "$(ARCHS_STANDARD_INCLUDING_64_BIT)";
				CLANG_CXX_LANGUAGE_STANDARD = "gnu++0x";
				CLANG_CXX_LIBRARY = "libc++";
				CLANG_ENABLE_MODULES = YES;
				CLANG_ENABLE_OBJC_ARC = YES;
				CLANG_WARN_BOOL_CONVERSION = YES;
				CLANG_WARN_CONSTANT_CONVERSION = YES;
				CLANG_WARN_DIRECT_OBJC_ISA_USAGE = YES_ERROR;
				CLANG_WARN_EMPTY_BODY = YES;
				CLANG_WARN_ENUM_CONVERSION = YES;
				CLANG_WARN_INT_CONVERSION = YES;
				CLANG_WARN_OBJC_ROOT_CLASS = YES_ERROR;
				CLANG_WARN__DUPLICATE_METHOD_MATCH = YES;
				"CODE_SIGN_IDENTITY[sdk=iphoneos*]" = "iPhone Developer";
				COPY_PHASE_STRIP = YES;
				ENABLE_NS_ASSERTIONS = NO;
				GCC_C_LANGUAGE_STANDARD = gnu99;
				GCC_WARN_64_TO_32_BIT_CONVERSION = YES;
				GCC_WARN_ABOUT_RETURN_TYPE = YES_ERROR;
				GCC_WARN_UNDECLARED_SELECTOR = YES;
				GCC_WARN_UNINITIALIZED_AUTOS = YES;
				GCC_WARN_UNUSED_FUNCTION = YES;
				GCC_WARN_UNUSED_VARIABLE = YES;
				IPHONEOS_DEPLOYMENT_TARGET = 7.0;
				SDKROOT = iphoneos;
				VALIDATE_PRODUCT = YES;
			};
			name = Release;
		};
		3E4ED95C1810238100B4EA7F /* Debug */ = {
			isa = XCBuildConfiguration;
			buildSettings = {
				ASSETCATALOG_COMPILER_APPICON_NAME = AppIcon;
				ASSETCATALOG_COMPILER_LAUNCHIMAGE_NAME = "LaunchImage-1";
				CODE_SIGN_ENTITLEMENTS = Tango.entitlements;
				CODE_SIGN_IDENTITY = "iPhone Developer";
				"CODE_SIGN_IDENTITY[sdk=iphoneos*]" = "iPhone Developer";
				COMPRESS_PNG_FILES = NO;
				GCC_PRECOMPILE_PREFIX_HEADER = YES;
				GCC_PREFIX_HEADER = "Tango/Tango-Prefix.pch";
				INFOPLIST_FILE = "Tango/Tango-Info.plist";
				PRODUCT_NAME = "$(TARGET_NAME)";
				PROVISIONING_PROFILE = "A7EDB1E9-E42D-4975-A076-7DD9F6814076";
				WRAPPER_EXTENSION = app;
			};
			name = Debug;
		};
		3E4ED95D1810238100B4EA7F /* Release */ = {
			isa = XCBuildConfiguration;
			buildSettings = {
				ASSETCATALOG_COMPILER_APPICON_NAME = AppIcon;
				ASSETCATALOG_COMPILER_LAUNCHIMAGE_NAME = "LaunchImage-1";
				CODE_SIGN_ENTITLEMENTS = Tango.entitlements;
				CODE_SIGN_IDENTITY = "iPhone Developer";
				"CODE_SIGN_IDENTITY[sdk=iphoneos*]" = "iPhone Developer";
				GCC_PRECOMPILE_PREFIX_HEADER = YES;
				GCC_PREFIX_HEADER = "Tango/Tango-Prefix.pch";
				INFOPLIST_FILE = "Tango/Tango-Info.plist";
				PRODUCT_NAME = "$(TARGET_NAME)";
				PROVISIONING_PROFILE = "A7EDB1E9-E42D-4975-A076-7DD9F6814076";
				WRAPPER_EXTENSION = app;
			};
			name = Release;
		};
		3E4ED95F1810238100B4EA7F /* Debug */ = {
			isa = XCBuildConfiguration;
			buildSettings = {
				ARCHS = "$(ARCHS_STANDARD_INCLUDING_64_BIT)";
				BUNDLE_LOADER = "$(BUILT_PRODUCTS_DIR)/Tango.app/Tango";
				FRAMEWORK_SEARCH_PATHS = (
					"$(SDKROOT)/Developer/Library/Frameworks",
					"$(inherited)",
					"$(DEVELOPER_FRAMEWORKS_DIR)",
				);
				GCC_PRECOMPILE_PREFIX_HEADER = YES;
				GCC_PREFIX_HEADER = "Tango/Tango-Prefix.pch";
				GCC_PREPROCESSOR_DEFINITIONS = (
					"DEBUG=1",
					"$(inherited)",
				);
				INFOPLIST_FILE = "TangoTests/TangoTests-Info.plist";
				PRODUCT_NAME = "$(TARGET_NAME)";
				TEST_HOST = "$(BUNDLE_LOADER)";
				WRAPPER_EXTENSION = xctest;
			};
			name = Debug;
		};
		3E4ED9601810238100B4EA7F /* Release */ = {
			isa = XCBuildConfiguration;
			buildSettings = {
				ARCHS = "$(ARCHS_STANDARD_INCLUDING_64_BIT)";
				BUNDLE_LOADER = "$(BUILT_PRODUCTS_DIR)/Tango.app/Tango";
				FRAMEWORK_SEARCH_PATHS = (
					"$(SDKROOT)/Developer/Library/Frameworks",
					"$(inherited)",
					"$(DEVELOPER_FRAMEWORKS_DIR)",
				);
				GCC_PRECOMPILE_PREFIX_HEADER = YES;
				GCC_PREFIX_HEADER = "Tango/Tango-Prefix.pch";
				INFOPLIST_FILE = "TangoTests/TangoTests-Info.plist";
				PRODUCT_NAME = "$(TARGET_NAME)";
				TEST_HOST = "$(BUNDLE_LOADER)";
				WRAPPER_EXTENSION = xctest;
			};
			name = Release;
		};
/* End XCBuildConfiguration section */

/* Begin XCConfigurationList section */
		3E4ED92A1810238000B4EA7F /* Build configuration list for PBXProject "Tango" */ = {
			isa = XCConfigurationList;
			buildConfigurations = (
				3E4ED9591810238100B4EA7F /* Debug */,
				3E4ED95A1810238100B4EA7F /* Release */,
			);
			defaultConfigurationIsVisible = 0;
			defaultConfigurationName = Release;
		};
		3E4ED95B1810238100B4EA7F /* Build configuration list for PBXNativeTarget "Tango" */ = {
			isa = XCConfigurationList;
			buildConfigurations = (
				3E4ED95C1810238100B4EA7F /* Debug */,
				3E4ED95D1810238100B4EA7F /* Release */,
			);
			defaultConfigurationIsVisible = 0;
			defaultConfigurationName = Release;
		};
		3E4ED95E1810238100B4EA7F /* Build configuration list for PBXNativeTarget "TangoTests" */ = {
			isa = XCConfigurationList;
			buildConfigurations = (
				3E4ED95F1810238100B4EA7F /* Debug */,
				3E4ED9601810238100B4EA7F /* Release */,
			);
			defaultConfigurationIsVisible = 0;
			defaultConfigurationName = Release;
		};
/* End XCConfigurationList section */
	};
	rootObject = 3E4ED9271810238000B4EA7F /* Project object */;
}
